
Microsoft Visual Studio Solution File, Format Version 12.00
# Visual Studio Version 17
VisualStudioVersion = 17.3.32929.385
MinimumVisualStudioVersion = 10.0.40219.1
Project("{FAE04EC0-301F-11D3-BF4B-00C04F79EFBC}") = "Gaming Application", "Gaming Application\Gaming Application.csproj", "{1185C875-E3CB-4A57-A2C4-749C9C6E66A3}"
EndProject
Global
	GlobalSection(SolutionConfigurationPlatforms) = preSolution
		Debug|Any CPU = Debug|Any CPU
		Release|Any CPU = Release|Any CPU
	EndGlobalSection
	GlobalSection(ProjectConfigurationPlatforms) = postSolution
		{1185C875-E3CB-4A57-A2C4-749C9C6E66A3}.Debug|Any CPU.ActiveCfg = Debug|Any CPU
		{1185C875-E3CB-4A57-A2C4-749C9C6E66A3}.Debug|Any CPU.Build.0 = Debug|Any CPU
		{1185C875-E3CB-4A57-A2C4-749C9C6E66A3}.Release|Any CPU.ActiveCfg = Release|Any CPU
		{1185C875-E3CB-4A57-A2C4-749C9C6E66A3}.Release|Any CPU.Build.0 = Release|Any CPU
	EndGlobalSection
	GlobalSection(SolutionProperties) = preSolution
		HideSolutionNode = FALSE
	EndGlobalSection
	GlobalSection(ExtensibilityGlobals) = postSolution
		SolutionGuid = {632F512A-7FFB-43B6-8406-C88602231955}
	EndGlobalSection
EndGlobal
